
Microsoft Visual Studio Solution File, Format Version 12.00
# Visual Studio 15
VisualStudioVersion = 15.0.28307.106
MinimumVisualStudioVersion = 10.0.40219.1
Project("{E24C65DC-7377-472B-9ABA-BC803B73C61A}") = "JakubPawłowskiLab5Zad1", "JakubPawłowskiLab5Zad1\", "{95CDE9D7-2D18-433B-A5CA-8996920FB96B}"
	ProjectSection(WebsiteProperties) = preProject
		TargetFrameworkMoniker = ".NETFramework,Version%3Dv4.6.1"
		Debug.AspNetCompiler.VirtualPath = "/localhost_51754"
		Debug.AspNetCompiler.PhysicalPath = "JakubPawłowskiLab5Zad1\"
		Debug.AspNetCompiler.TargetPath = "PrecompiledWeb\localhost_51754\"
		Debug.AspNetCompiler.Updateable = "true"
		Debug.AspNetCompiler.ForceOverwrite = "true"
		Debug.AspNetCompiler.FixedNames = "false"
		Debug.AspNetCompiler.Debug = "True"
		Release.AspNetCompiler.VirtualPath = "/localhost_51754"
		Release.AspNetCompiler.PhysicalPath = "JakubPawłowskiLab5Zad1\"
		Release.AspNetCompiler.TargetPath = "PrecompiledWeb\localhost_51754\"
		Release.AspNetCompiler.Updateable = "true"
		Release.AspNetCompiler.ForceOverwrite = "true"
		Release.AspNetCompiler.FixedNames = "false"
		Release.AspNetCompiler.Debug = "False"
		VWDPort = "51754"
		SlnRelativePath = "JakubPawłowskiLab5Zad1\"
		DefaultWebSiteLanguage = "Visual C#"
	EndProjectSection
EndProject
Global
	GlobalSection(SolutionConfigurationPlatforms) = preSolution
		Debug|Any CPU = Debug|Any CPU
	EndGlobalSection
	GlobalSection(ProjectConfigurationPlatforms) = postSolution
		{95CDE9D7-2D18-433B-A5CA-8996920FB96B}.Debug|Any CPU.ActiveCfg = Debug|Any CPU
		{95CDE9D7-2D18-433B-A5CA-8996920FB96B}.Debug|Any CPU.Build.0 = Debug|Any CPU
	EndGlobalSection
	GlobalSection(SolutionProperties) = preSolution
		HideSolutionNode = FALSE
	EndGlobalSection
	GlobalSection(ExtensibilityGlobals) = postSolution
		SolutionGuid = {CE3FA835-1613-4259-B924-2DDECDDB423B}
	EndGlobalSection
EndGlobal
